
Microsoft Visual Studio Solution File, Format Version 12.00
# Visual Studio Version 17
VisualStudioVersion = 17.10.35013.160
MinimumVisualStudioVersion = 10.0.40219.1
Project("{9A19103F-16F7-4668-BE54-9A1E7A4F7556}") = "001.OutputString", "001.OutputString\001.OutputString.csproj", "{81AC7676-1034-432E-8305-31B95690EDFC}"
EndProject
Project("{9A19103F-16F7-4668-BE54-9A1E7A4F7556}") = "002.OutputAB", "002.OutputAB\002.OutputAB.csproj", "{8A8C8237-D686-4160-9B0B-4993380CC2A7}"
EndProject
Project("{9A19103F-16F7-4668-BE54-9A1E7A4F7556}") = "003.LoopOutputString", "003.LoopOutputString\003.LoopOutputString.csproj", "{A7E371B2-EC6F-46CE-A8E8-758EB6746BE7}"
EndProject
Project("{9A19103F-16F7-4668-BE54-9A1E7A4F7556}") = "004.CaseChange", "004.CaseChange\004.CaseChange.csproj", "{03855AD5-198F-4929-92A9-E243922B936F}"
EndProject
Project("{9A19103F-16F7-4668-BE54-9A1E7A4F7556}") = "005.OutputSpecial", "005.OutputSpecial\005.OutputSpecial.csproj", "{77CAF9DF-3BD5-4EB7-AEFB-DE7D290628EF}"
EndProject
Project("{9A19103F-16F7-4668-BE54-9A1E7A4F7556}") = "006.PlusTwo", "006.PlusTwo\006.PlusTwo.csproj", "{FA949CF1-D287-4CBF-AD1E-318EC1636CC2}"
EndProject
Project("{9A19103F-16F7-4668-BE54-9A1E7A4F7556}") = "008.TimesTwo", "008.TimesTwo\008.TimesTwo.csproj", "{D98B94ED-5CAB-4D19-988D-492E6329AA91}"
EndProject
Project("{9A19103F-16F7-4668-BE54-9A1E7A4F7556}") = "009.DivisionQuotient", "009.DivisionQuotient\009.DivisionQuotient.csproj", "{0C9ED4BF-DA81-458C-A1C3-7B8BC7E3A025}"
EndProject
Project("{9A19103F-16F7-4668-BE54-9A1E7A4F7556}") = "007.MinusTwo", "007.MinusTwo\007.MinusTwo.csproj", "{4B0191DF-F127-4298-8882-2165358E1BB6}"
EndProject
Project("{9A19103F-16F7-4668-BE54-9A1E7A4F7556}") = "010.DivideTimes", "010.DivideTimes\010.DivideTimes.csproj", "{E3A0D59E-543C-4E85-A32F-C4906DC23003}"
EndProject
Project("{9A19103F-16F7-4668-BE54-9A1E7A4F7556}") = "012.PlusFraction", "012.PlusFraction\012.PlusFraction.csproj", "{76B1D8FB-1CD4-4790-806F-E0822077E60E}"
EndProject
Project("{9A19103F-16F7-4668-BE54-9A1E7A4F7556}") = "013.DoubleArrangement", "013.DoubleArrangement\013.DoubleArrangement.csproj", "{1041F1C6-3B26-479D-A387-C7F9C533019D}"
EndProject
Project("{9A19103F-16F7-4668-BE54-9A1E7A4F7556}") = "011.CompareTwo", "011.CompareTwo\011.CompareTwo.csproj", "{C282DFB3-957A-41C0-B414-0826E3804159}"
EndProject
Project("{9A19103F-16F7-4668-BE54-9A1E7A4F7556}") = "014.CalculateRest", "014.CalculateRest\014.CalculateRest.csproj", "{4077924E-E5A9-4AB4-8120-4339968660A2}"
EndProject
Project("{9A19103F-16F7-4668-BE54-9A1E7A4F7556}") = "015.FindMiddleValue", "015.FindMiddleValue\015.FindMiddleValue.csproj", "{41CD84EF-C345-4035-BCBB-262C7B1E094D}"
EndProject
Project("{9A19103F-16F7-4668-BE54-9A1E7A4F7556}") = "016.GetMostFrequentPrice", "016.GetMostFrequentPrice\016.GetMostFrequentPrice.csproj", "{985AEE32-CF25-41AA-AA54-DF69C853DD32}"
EndProject
Project("{9A19103F-16F7-4668-BE54-9A1E7A4F7556}") = "017.HateEven", "017.HateEven\017.HateEven.csproj", "{A76D5A50-5B3F-4115-B2BF-5C180EF2FEAB}"
EndProject
Project("{FAE04EC0-301F-11D3-BF4B-00C04F79EFBC}") = "018.DevidePizza1", "018.DevidePizza1\018.DevidePizza1.csproj", "{DABF12FF-F70D-435D-910B-EC0FB52F0132}"
EndProject
Project("{FAE04EC0-301F-11D3-BF4B-00C04F79EFBC}") = "019.DevidePizza2", "019.DevidePizza2\019.DevidePizza2.csproj", "{7ACBDBA5-E203-47DC-BA6A-00C9A1E7E464}"
EndProject
Project("{FAE04EC0-301F-11D3-BF4B-00C04F79EFBC}") = "020.DevidePizza3", "020.DevidePizza3\020.DevidePizza3.csproj", "{F1F2B3B7-A413-4208-AC39-44BC4B5DCC51}"
EndProject
Project("{FAE04EC0-301F-11D3-BF4B-00C04F79EFBC}") = "021.GetAverage", "021.GetAverage\021.GetAverage.csproj", "{36B57206-A8D4-4865-89E4-CAB212AC48C2}"
EndProject
Project("{FAE04EC0-301F-11D3-BF4B-00C04F79EFBC}") = "022.FindBiggestNumAndIndex", "022.FindBiggestNumAndIndex\022.FindBiggestNumAndIndex.csproj", "{16D05FE6-9955-4313-ABF1-3E288CD8E46D}"
EndProject
Global
	GlobalSection(SolutionConfigurationPlatforms) = preSolution
		Debug|Any CPU = Debug|Any CPU
		Release|Any CPU = Release|Any CPU
	EndGlobalSection
	GlobalSection(ProjectConfigurationPlatforms) = postSolution
		{81AC7676-1034-432E-8305-31B95690EDFC}.Debug|Any CPU.ActiveCfg = Debug|Any CPU
		{81AC7676-1034-432E-8305-31B95690EDFC}.Debug|Any CPU.Build.0 = Debug|Any CPU
		{81AC7676-1034-432E-8305-31B95690EDFC}.Release|Any CPU.ActiveCfg = Release|Any CPU
		{81AC7676-1034-432E-8305-31B95690EDFC}.Release|Any CPU.Build.0 = Release|Any CPU
		{8A8C8237-D686-4160-9B0B-4993380CC2A7}.Debug|Any CPU.ActiveCfg = Debug|Any CPU
		{8A8C8237-D686-4160-9B0B-4993380CC2A7}.Debug|Any CPU.Build.0 = Debug|Any CPU
		{8A8C8237-D686-4160-9B0B-4993380CC2A7}.Release|Any CPU.ActiveCfg = Release|Any CPU
		{8A8C8237-D686-4160-9B0B-4993380CC2A7}.Release|Any CPU.Build.0 = Release|Any CPU
		{A7E371B2-EC6F-46CE-A8E8-758EB6746BE7}.Debug|Any CPU.ActiveCfg = Debug|Any CPU
		{A7E371B2-EC6F-46CE-A8E8-758EB6746BE7}.Debug|Any CPU.Build.0 = Debug|Any CPU
		{A7E371B2-EC6F-46CE-A8E8-758EB6746BE7}.Release|Any CPU.ActiveCfg = Release|Any CPU
		{A7E371B2-EC6F-46CE-A8E8-758EB6746BE7}.Release|Any CPU.Build.0 = Release|Any CPU
		{03855AD5-198F-4929-92A9-E243922B936F}.Debug|Any CPU.ActiveCfg = Debug|Any CPU
		{03855AD5-198F-4929-92A9-E243922B936F}.Debug|Any CPU.Build.0 = Debug|Any CPU
		{03855AD5-198F-4929-92A9-E243922B936F}.Release|Any CPU.ActiveCfg = Release|Any CPU
		{03855AD5-198F-4929-92A9-E243922B936F}.Release|Any CPU.Build.0 = Release|Any CPU
		{77CAF9DF-3BD5-4EB7-AEFB-DE7D290628EF}.Debug|Any CPU.ActiveCfg = Debug|Any CPU
		{77CAF9DF-3BD5-4EB7-AEFB-DE7D290628EF}.Debug|Any CPU.Build.0 = Debug|Any CPU
		{77CAF9DF-3BD5-4EB7-AEFB-DE7D290628EF}.Release|Any CPU.ActiveCfg = Release|Any CPU
		{77CAF9DF-3BD5-4EB7-AEFB-DE7D290628EF}.Release|Any CPU.Build.0 = Release|Any CPU
		{FA949CF1-D287-4CBF-AD1E-318EC1636CC2}.Debug|Any CPU.ActiveCfg = Debug|Any CPU
		{FA949CF1-D287-4CBF-AD1E-318EC1636CC2}.Debug|Any CPU.Build.0 = Debug|Any CPU
		{FA949CF1-D287-4CBF-AD1E-318EC1636CC2}.Release|Any CPU.ActiveCfg = Release|Any CPU
		{FA949CF1-D287-4CBF-AD1E-318EC1636CC2}.Release|Any CPU.Build.0 = Release|Any CPU
		{D98B94ED-5CAB-4D19-988D-492E6329AA91}.Debug|Any CPU.ActiveCfg = Debug|Any CPU
		{D98B94ED-5CAB-4D19-988D-492E6329AA91}.Debug|Any CPU.Build.0 = Debug|Any CPU
		{D98B94ED-5CAB-4D19-988D-492E6329AA91}.Release|Any CPU.ActiveCfg = Release|Any CPU
		{D98B94ED-5CAB-4D19-988D-492E6329AA91}.Release|Any CPU.Build.0 = Release|Any CPU
		{0C9ED4BF-DA81-458C-A1C3-7B8BC7E3A025}.Debug|Any CPU.ActiveCfg = Debug|Any CPU
		{0C9ED4BF-DA81-458C-A1C3-7B8BC7E3A025}.Debug|Any CPU.Build.0 = Debug|Any CPU
		{0C9ED4BF-DA81-458C-A1C3-7B8BC7E3A025}.Release|Any CPU.ActiveCfg = Release|Any CPU
		{0C9ED4BF-DA81-458C-A1C3-7B8BC7E3A025}.Release|Any CPU.Build.0 = Release|Any CPU
		{4B0191DF-F127-4298-8882-2165358E1BB6}.Debug|Any CPU.ActiveCfg = Debug|Any CPU
		{4B0191DF-F127-4298-8882-2165358E1BB6}.Debug|Any CPU.Build.0 = Debug|Any CPU
		{4B0191DF-F127-4298-8882-2165358E1BB6}.Release|Any CPU.ActiveCfg = Release|Any CPU
		{4B0191DF-F127-4298-8882-2165358E1BB6}.Release|Any CPU.Build.0 = Release|Any CPU
		{E3A0D59E-543C-4E85-A32F-C4906DC23003}.Debug|Any CPU.ActiveCfg = Debug|Any CPU
		{E3A0D59E-543C-4E85-A32F-C4906DC23003}.Debug|Any CPU.Build.0 = Debug|Any CPU
		{E3A0D59E-543C-4E85-A32F-C4906DC23003}.Release|Any CPU.ActiveCfg = Release|Any CPU
		{E3A0D59E-543C-4E85-A32F-C4906DC23003}.Release|Any CPU.Build.0 = Release|Any CPU
		{76B1D8FB-1CD4-4790-806F-E0822077E60E}.Debug|Any CPU.ActiveCfg = Debug|Any CPU
		{76B1D8FB-1CD4-4790-806F-E0822077E60E}.Debug|Any CPU.Build.0 = Debug|Any CPU
		{76B1D8FB-1CD4-4790-806F-E0822077E60E}.Release|Any CPU.ActiveCfg = Release|Any CPU
		{76B1D8FB-1CD4-4790-806F-E0822077E60E}.Release|Any CPU.Build.0 = Release|Any CPU
		{1041F1C6-3B26-479D-A387-C7F9C533019D}.Debug|Any CPU.ActiveCfg = Debug|Any CPU
		{1041F1C6-3B26-479D-A387-C7F9C533019D}.Debug|Any CPU.Build.0 = Debug|Any CPU
		{1041F1C6-3B26-479D-A387-C7F9C533019D}.Release|Any CPU.ActiveCfg = Release|Any CPU
		{1041F1C6-3B26-479D-A387-C7F9C533019D}.Release|Any CPU.Build.0 = Release|Any CPU
		{C282DFB3-957A-41C0-B414-0826E3804159}.Debug|Any CPU.ActiveCfg = Debug|Any CPU
		{C282DFB3-957A-41C0-B414-0826E3804159}.Debug|Any CPU.Build.0 = Debug|Any CPU
		{C282DFB3-957A-41C0-B414-0826E3804159}.Release|Any CPU.ActiveCfg = Release|Any CPU
		{C282DFB3-957A-41C0-B414-0826E3804159}.Release|Any CPU.Build.0 = Release|Any CPU
		{4077924E-E5A9-4AB4-8120-4339968660A2}.Debug|Any CPU.ActiveCfg = Debug|Any CPU
		{4077924E-E5A9-4AB4-8120-4339968660A2}.Debug|Any CPU.Build.0 = Debug|Any CPU
		{4077924E-E5A9-4AB4-8120-4339968660A2}.Release|Any CPU.ActiveCfg = Release|Any CPU
		{4077924E-E5A9-4AB4-8120-4339968660A2}.Release|Any CPU.Build.0 = Release|Any CPU
		{41CD84EF-C345-4035-BCBB-262C7B1E094D}.Debug|Any CPU.ActiveCfg = Debug|Any CPU
		{41CD84EF-C345-4035-BCBB-262C7B1E094D}.Debug|Any CPU.Build.0 = Debug|Any CPU
		{41CD84EF-C345-4035-BCBB-262C7B1E094D}.Release|Any CPU.ActiveCfg = Release|Any CPU
		{41CD84EF-C345-4035-BCBB-262C7B1E094D}.Release|Any CPU.Build.0 = Release|Any CPU
		{985AEE32-CF25-41AA-AA54-DF69C853DD32}.Debug|Any CPU.ActiveCfg = Debug|Any CPU
		{985AEE32-CF25-41AA-AA54-DF69C853DD32}.Debug|Any CPU.Build.0 = Debug|Any CPU
		{985AEE32-CF25-41AA-AA54-DF69C853DD32}.Release|Any CPU.ActiveCfg = Release|Any CPU
		{985AEE32-CF25-41AA-AA54-DF69C853DD32}.Release|Any CPU.Build.0 = Release|Any CPU
		{A76D5A50-5B3F-4115-B2BF-5C180EF2FEAB}.Debug|Any CPU.ActiveCfg = Debug|Any CPU
		{A76D5A50-5B3F-4115-B2BF-5C180EF2FEAB}.Debug|Any CPU.Build.0 = Debug|Any CPU
		{A76D5A50-5B3F-4115-B2BF-5C180EF2FEAB}.Release|Any CPU.ActiveCfg = Release|Any CPU
		{A76D5A50-5B3F-4115-B2BF-5C180EF2FEAB}.Release|Any CPU.Build.0 = Release|Any CPU
		{DABF12FF-F70D-435D-910B-EC0FB52F0132}.Debug|Any CPU.ActiveCfg = Debug|Any CPU
		{DABF12FF-F70D-435D-910B-EC0FB52F0132}.Debug|Any CPU.Build.0 = Debug|Any CPU
		{DABF12FF-F70D-435D-910B-EC0FB52F0132}.Release|Any CPU.ActiveCfg = Release|Any CPU
		{DABF12FF-F70D-435D-910B-EC0FB52F0132}.Release|Any CPU.Build.0 = Release|Any CPU
		{7ACBDBA5-E203-47DC-BA6A-00C9A1E7E464}.Debug|Any CPU.ActiveCfg = Debug|Any CPU
		{7ACBDBA5-E203-47DC-BA6A-00C9A1E7E464}.Debug|Any CPU.Build.0 = Debug|Any CPU
		{7ACBDBA5-E203-47DC-BA6A-00C9A1E7E464}.Release|Any CPU.ActiveCfg = Release|Any CPU
		{7ACBDBA5-E203-47DC-BA6A-00C9A1E7E464}.Release|Any CPU.Build.0 = Release|Any CPU
		{F1F2B3B7-A413-4208-AC39-44BC4B5DCC51}.Debug|Any CPU.ActiveCfg = Debug|Any CPU
		{F1F2B3B7-A413-4208-AC39-44BC4B5DCC51}.Debug|Any CPU.Build.0 = Debug|Any CPU
		{F1F2B3B7-A413-4208-AC39-44BC4B5DCC51}.Release|Any CPU.ActiveCfg = Release|Any CPU
		{F1F2B3B7-A413-4208-AC39-44BC4B5DCC51}.Release|Any CPU.Build.0 = Release|Any CPU
		{36B57206-A8D4-4865-89E4-CAB212AC48C2}.Debug|Any CPU.ActiveCfg = Debug|Any CPU
		{36B57206-A8D4-4865-89E4-CAB212AC48C2}.Debug|Any CPU.Build.0 = Debug|Any CPU
		{36B57206-A8D4-4865-89E4-CAB212AC48C2}.Release|Any CPU.ActiveCfg = Release|Any CPU
		{36B57206-A8D4-4865-89E4-CAB212AC48C2}.Release|Any CPU.Build.0 = Release|Any CPU
		{16D05FE6-9955-4313-ABF1-3E288CD8E46D}.Debug|Any CPU.ActiveCfg = Debug|Any CPU
		{16D05FE6-9955-4313-ABF1-3E288CD8E46D}.Debug|Any CPU.Build.0 = Debug|Any CPU
		{16D05FE6-9955-4313-ABF1-3E288CD8E46D}.Release|Any CPU.ActiveCfg = Release|Any CPU
		{16D05FE6-9955-4313-ABF1-3E288CD8E46D}.Release|Any CPU.Build.0 = Release|Any CPU
	EndGlobalSection
	GlobalSection(SolutionProperties) = preSolution
		HideSolutionNode = FALSE
	EndGlobalSection
	GlobalSection(ExtensibilityGlobals) = postSolution
		SolutionGuid = {E9500C57-E46F-47FF-9489-8CD117F7142E}
	EndGlobalSection
EndGlobal
